
Microsoft Visual Studio Solution File, Format Version 12.00
# Visual Studio Version 17
VisualStudioVersion = 17.4.33110.190
MinimumVisualStudioVersion = 10.0.40219.1
Project("{FAE04EC0-301F-11D3-BF4B-00C04F79EFBC}") = "Enterprise Applications Development 1 CA3", "Enterprise Applications Development 1 CA3.csproj", "{B6DB5511-F9F3-4564-8513-2219741E4E7D}"
EndProject
Global
	GlobalSection(SolutionConfigurationPlatforms) = preSolution
		Debug|Any CPU = Debug|Any CPU
		Release|Any CPU = Release|Any CPU
	EndGlobalSection
	GlobalSection(ProjectConfigurationPlatforms) = postSolution
		{B6DB5511-F9F3-4564-8513-2219741E4E7D}.Debug|Any CPU.ActiveCfg = Debug|Any CPU
		{B6DB5511-F9F3-4564-8513-2219741E4E7D}.Debug|Any CPU.Build.0 = Debug|Any CPU
		{B6DB5511-F9F3-4564-8513-2219741E4E7D}.Release|Any CPU.ActiveCfg = Release|Any CPU
		{B6DB5511-F9F3-4564-8513-2219741E4E7D}.Release|Any CPU.Build.0 = Release|Any CPU
	EndGlobalSection
	GlobalSection(SolutionProperties) = preSolution
		HideSolutionNode = FALSE
	EndGlobalSection
	GlobalSection(ExtensibilityGlobals) = postSolution
		SolutionGuid = {53808457-9E38-4C77-B731-4A1DC9C6B057}
	EndGlobalSection
EndGlobal
